{
  "version": 4,
  "terraform_version": "1.14.3",
  "serial": 31,
  "lineage": "e078f1e8-97d9-287b-8e94-388f58c2759f",
  "outputs": {
    "summary": {
      "value": "Создано 1 виртуальных машин:\n  \ntf-vm-1: внешний IP 94.131.91.42, внутренний IP 192.168.10.17\n",
      "type": "string"
    }
  },
  "resources": [
    {
      "mode": "managed",
      "type": "yandex_compute_disk",
      "name": "boot-disk",
      "provider": "provider[\"registry.terraform.io/yandex-cloud/yandex\"]",
      "instances": [
        {
          "index_key": 0,
          "schema_version": 0,
          "attributes": {
            "allow_recreate": null,
            "block_size": 4096,
            "created_at": "2026-01-12T00:33:40Z",
            "description": "",
            "disk_placement_policy": [
              {
                "disk_placement_group_id": ""
              }
            ],
            "folder_id": "ao7lit6t1mj5d993qr3f",
            "hardware_generation": [
              {
                "generation2_features": [],
                "legacy_features": [
                  {
                    "pci_topology": "PCI_TOPOLOGY_V2"
                  }
                ]
              }
            ],
            "id": "b4er483mr22t07l89lsk",
            "image_id": "fbnhbfcbpi8unonvqnfr",
            "kms_key_id": null,
            "labels": {},
            "name": "tf-disk-1",
            "product_ids": [
              "dp9pico3v1jji52uahpg"
            ],
            "size": 20,
            "snapshot_id": "",
            "status": "ready",
            "timeouts": null,
            "type": "network-hdd",
            "zone": "kz1-a"
          },
          "sensitive_attributes": [],
          "identity_schema_version": 0,
          "private": "eyJlMmJmYjczMC1lY2FhLTExZTYtOGY4OC0zNDM2M2JjN2M0YzAiOnsiY3JlYXRlIjozMDAwMDAwMDAwMDAsImRlbGV0ZSI6MzAwMDAwMDAwMDAwLCJ1cGRhdGUiOjMwMDAwMDAwMDAwMH19"
        }
      ]
    },
    {
      "mode": "managed",
      "type": "yandex_compute_instance",
      "name": "vm",
      "provider": "provider[\"registry.terraform.io/yandex-cloud/yandex\"]",
      "instances": [
        {
          "index_key": 0,
          "schema_version": 1,
          "attributes": {
            "allow_recreate": null,
            "allow_stopping_for_update": null,
            "boot_disk": [
              {
                "auto_delete": true,
                "device_name": "b4er483mr22t07l89lsk",
                "disk_id": "b4er483mr22t07l89lsk",
                "initialize_params": [
                  {
                    "block_size": 4096,
                    "description": "",
                    "image_id": "fbnhbfcbpi8unonvqnfr",
                    "kms_key_id": "",
                    "name": "tf-disk-1",
                    "size": 20,
                    "snapshot_id": "",
                    "type": "network-hdd"
                  }
                ],
                "mode": "READ_WRITE"
              }
            ],
            "created_at": "2026-01-12T00:34:56Z",
            "description": "",
            "filesystem": [],
            "folder_id": "ao7lit6t1mj5d993qr3f",
            "fqdn": "b4ecrmp7ssks7kea2jq1.auto.internal",
            "gpu_cluster_id": "",
            "hardware_generation": [
              {
                "generation2_features": [],
                "legacy_features": [
                  {
                    "pci_topology": "PCI_TOPOLOGY_V2"
                  }
                ]
              }
            ],
            "hostname": "",
            "id": "b4ecrmp7ssks7kea2jq1",
            "labels": null,
            "local_disk": [],
            "maintenance_grace_period": "",
            "maintenance_policy": null,
            "metadata": {
              "ssh-keys": "sherali:# Added by Google\nssh-rsa AAAAB3NzaC1yc2EAAAADAQABAAABAQCmuyg/3TGMbtdu/tEO6yXTQslNvXHAteUW6LvIFnVzV38Tofhu3hAUM8+EckuKeM0Q6bGzm5mtvd9WH+ik0SuwikLRjJOlfnweCDg1NMArwbitaQYJVwAsjGWOtvqW/O+KGebqUeJxYVVe7xXuswut7aDsEk4188WMfE4fD3HCUcuOkPi4okWbwGtBRoYc+2E+HPp6bCRi6DmnQqWB+p/VAADBRvlAA/cQh4VNRen2EfaCHapkE3qyYdv9vueSZvQ1g6GAIhZYfiqLKFltAE3lpxPMtww6uryW0xKcyqi8jIcfcaY8q8saVg0IdMPGOjROFlyDTolXOyzoKigOCAtl\n"
            },
            "metadata_options": [
              {
                "aws_v1_http_endpoint": 1,
                "aws_v1_http_token": 2,
                "gce_http_endpoint": 1,
                "gce_http_token": 1
              }
            ],
            "name": "tf-vm-1",
            "network_acceleration_type": "standard",
            "network_interface": [
              {
                "dns_record": [],
                "index": 0,
                "ip_address": "192.168.10.17",
                "ipv4": true,
                "ipv6": false,
                "ipv6_address": "",
                "ipv6_dns_record": [],
                "mac_address": "d0:0d:cd:db:27:e7",
                "nat": true,
                "nat_dns_record": [],
                "nat_ip_address": "94.131.91.42",
                "nat_ip_version": "IPV4",
                "security_group_ids": null,
                "subnet_id": "ad1t65pq1ptr9pcv4766"
              }
            ],
            "placement_policy": [
              {
                "host_affinity_rules": [],
                "placement_group_id": "",
                "placement_group_partition": 0
              }
            ],
            "platform_id": "standard-v3",
            "resources": [
              {
                "core_fraction": 100,
                "cores": 2,
                "gpus": 0,
                "memory": 2
              }
            ],
            "scheduling_policy": [
              {
                "preemptible": false
              }
            ],
            "secondary_disk": [],
            "service_account_id": "",
            "status": "running",
            "timeouts": null,
            "zone": "kz1-a"
          },
          "sensitive_attributes": [],
          "identity_schema_version": 0,
          "private": "eyJlMmJmYjczMC1lY2FhLTExZTYtOGY4OC0zNDM2M2JjN2M0YzAiOnsiY3JlYXRlIjozMDAwMDAwMDAwMDAsImRlbGV0ZSI6MzAwMDAwMDAwMDAwLCJ1cGRhdGUiOjMwMDAwMDAwMDAwMH0sInNjaGVtYV92ZXJzaW9uIjoiMSJ9",
          "dependencies": [
            "yandex_compute_disk.boot-disk",
            "yandex_vpc_network.network-1",
            "yandex_vpc_subnet.subnet-1"
          ]
        }
      ]
    },
    {
      "mode": "managed",
      "type": "yandex_vpc_network",
      "name": "network-1",
      "provider": "provider[\"registry.terraform.io/yandex-cloud/yandex\"]",
      "instances": [
        {
          "schema_version": 0,
          "attributes": {
            "created_at": "2026-01-12T00:33:40Z",
            "default_security_group_id": "dbp6v8hn0gh3ru2fq5rd",
            "description": "",
            "folder_id": "ao7lit6t1mj5d993qr3f",
            "id": "dbpj4vbjbp2p7omeu231",
            "labels": {},
            "name": "tf-network",
            "subnet_ids": [
              "ad1t65pq1ptr9pcv4766"
            ],
            "timeouts": null
          },
          "sensitive_attributes": [],
          "identity_schema_version": 0,
          "private": "eyJlMmJmYjczMC1lY2FhLTExZTYtOGY4OC0zNDM2M2JjN2M0YzAiOnsiY3JlYXRlIjo2MDAwMDAwMDAwMCwiZGVsZXRlIjo2MDAwMDAwMDAwMCwidXBkYXRlIjo2MDAwMDAwMDAwMH19"
        }
      ]
    },
    {
      "mode": "managed",
      "type": "yandex_vpc_subnet",
      "name": "subnet-1",
      "provider": "provider[\"registry.terraform.io/yandex-cloud/yandex\"]",
      "instances": [
        {
          "schema_version": 0,
          "attributes": {
            "created_at": "2026-01-12T00:33:40Z",
            "description": "",
            "dhcp_options": [],
            "folder_id": "ao7lit6t1mj5d993qr3f",
            "id": "ad1t65pq1ptr9pcv4766",
            "labels": {},
            "name": "tf-subnet",
            "network_id": "dbpj4vbjbp2p7omeu231",
            "route_table_id": "",
            "timeouts": null,
            "v4_cidr_blocks": [
              "192.168.10.0/24"
            ],
            "v6_cidr_blocks": [],
            "zone": "kz1-a"
          },
          "sensitive_attributes": [],
          "identity_schema_version": 0,
          "private": "eyJlMmJmYjczMC1lY2FhLTExZTYtOGY4OC0zNDM2M2JjN2M0YzAiOnsiY3JlYXRlIjoxODAwMDAwMDAwMDAsImRlbGV0ZSI6MTgwMDAwMDAwMDAwLCJ1cGRhdGUiOjE4MDAwMDAwMDAwMH19",
          "dependencies": [
            "yandex_vpc_network.network-1"
          ]
        }
      ]
    }
  ],
  "check_results": null
}
